
Microsoft Visual Studio Solution File, Format Version 12.00
# Visual Studio Version 17
VisualStudioVersion = 17.3.32929.385
MinimumVisualStudioVersion = 10.0.40219.1
Project("{9A19103F-16F7-4668-BE54-9A1E7A4F7556}") = "VehicleRentingSystem", "VehiclesRentingSystem\VehicleRentingSystem.csproj", "{37E6DADB-7604-46AE-9BCF-B99A0DA845D6}"
	ProjectSection(ProjectDependencies) = postProject
		{6AA3263B-E0B5-4F16-A2CC-B12613A20D83} = {6AA3263B-E0B5-4F16-A2CC-B12613A20D83}
	EndProjectSection
EndProject
Project("{FAE04EC0-301F-11D3-BF4B-00C04F79EFBC}") = "Test", "Test\Test.csproj", "{6AA3263B-E0B5-4F16-A2CC-B12613A20D83}"
EndProject
Global
	GlobalSection(SolutionConfigurationPlatforms) = preSolution
		Debug|Any CPU = Debug|Any CPU
		Release|Any CPU = Release|Any CPU
	EndGlobalSection
	GlobalSection(ProjectConfigurationPlatforms) = postSolution
		{37E6DADB-7604-46AE-9BCF-B99A0DA845D6}.Debug|Any CPU.ActiveCfg = Debug|Any CPU
		{37E6DADB-7604-46AE-9BCF-B99A0DA845D6}.Debug|Any CPU.Build.0 = Debug|Any CPU
		{37E6DADB-7604-46AE-9BCF-B99A0DA845D6}.Release|Any CPU.ActiveCfg = Release|Any CPU
		{37E6DADB-7604-46AE-9BCF-B99A0DA845D6}.Release|Any CPU.Build.0 = Release|Any CPU
		{6AA3263B-E0B5-4F16-A2CC-B12613A20D83}.Debug|Any CPU.ActiveCfg = Debug|Any CPU
		{6AA3263B-E0B5-4F16-A2CC-B12613A20D83}.Debug|Any CPU.Build.0 = Debug|Any CPU
		{6AA3263B-E0B5-4F16-A2CC-B12613A20D83}.Release|Any CPU.ActiveCfg = Release|Any CPU
		{6AA3263B-E0B5-4F16-A2CC-B12613A20D83}.Release|Any CPU.Build.0 = Release|Any CPU
	EndGlobalSection
	GlobalSection(SolutionProperties) = preSolution
		HideSolutionNode = FALSE
	EndGlobalSection
	GlobalSection(ExtensibilityGlobals) = postSolution
		SolutionGuid = {8BF8E585-31CC-4E0A-864A-A60E689F02F4}
	EndGlobalSection
EndGlobal
